
Microsoft Visual Studio Solution File, Format Version 12.00
# Visual Studio Version 17
VisualStudioVersion = 17.8.34525.116
MinimumVisualStudioVersion = 10.0.40219.1
Project("{8BC9CEB8-8B4A-11D0-8D11-00A0C91BC942}") = "vocab2new", "vocab2new\vocab2new.vcxproj", "{96365177-AB13-40F6-BDC3-6DB003F7012B}"
EndProject
Global
	GlobalSection(SolutionConfigurationPlatforms) = preSolution
		Debug|x64 = Debug|x64
		Debug|x86 = Debug|x86
		Release|x64 = Release|x64
		Release|x86 = Release|x86
	EndGlobalSection
	GlobalSection(ProjectConfigurationPlatforms) = postSolution
		{96365177-AB13-40F6-BDC3-6DB003F7012B}.Debug|x64.ActiveCfg = Debug|x64
		{96365177-AB13-40F6-BDC3-6DB003F7012B}.Debug|x64.Build.0 = Debug|x64
		{96365177-AB13-40F6-BDC3-6DB003F7012B}.Debug|x86.ActiveCfg = Debug|Win32
		{96365177-AB13-40F6-BDC3-6DB003F7012B}.Debug|x86.Build.0 = Debug|Win32
		{96365177-AB13-40F6-BDC3-6DB003F7012B}.Release|x64.ActiveCfg = Release|x64
		{96365177-AB13-40F6-BDC3-6DB003F7012B}.Release|x64.Build.0 = Release|x64
		{96365177-AB13-40F6-BDC3-6DB003F7012B}.Release|x86.ActiveCfg = Release|Win32
		{96365177-AB13-40F6-BDC3-6DB003F7012B}.Release|x86.Build.0 = Release|Win32
	EndGlobalSection
	GlobalSection(SolutionProperties) = preSolution
		HideSolutionNode = FALSE
	EndGlobalSection
	GlobalSection(ExtensibilityGlobals) = postSolution
		SolutionGuid = {82C5C1B0-2917-4523-B0EA-A124D12F5E43}
	EndGlobalSection
EndGlobal
